
Microsoft Visual Studio Solution File, Format Version 12.00
# Visual Studio 2013
VisualStudioVersion = 12.0.31101.0
MinimumVisualStudioVersion = 10.0.40219.1
Project("{FAE04EC0-301F-11D3-BF4B-00C04F79EFBC}") = "BFStudio", "BFStudio\BFStudio.csproj", "{74FF8C34-10E1-4D8B-AED8-8FC64497429B}"
EndProject
Project("{FAE04EC0-301F-11D3-BF4B-00C04F79EFBC}") = "BFStudio.Tests", "BFStudio.Tests\BFStudio.Tests.csproj", "{D906698B-FEA7-4DD8-A1EC-FB9CD21DE47D}"
EndProject
Global
	GlobalSection(SolutionConfigurationPlatforms) = preSolution
		Debug|Any CPU = Debug|Any CPU
		Release|Any CPU = Release|Any CPU
	EndGlobalSection
	GlobalSection(ProjectConfigurationPlatforms) = postSolution
		{74FF8C34-10E1-4D8B-AED8-8FC64497429B}.Debug|Any CPU.ActiveCfg = Debug|Any CPU
		{74FF8C34-10E1-4D8B-AED8-8FC64497429B}.Debug|Any CPU.Build.0 = Debug|Any CPU
		{74FF8C34-10E1-4D8B-AED8-8FC64497429B}.Release|Any CPU.ActiveCfg = Release|Any CPU
		{74FF8C34-10E1-4D8B-AED8-8FC64497429B}.Release|Any CPU.Build.0 = Release|Any CPU
		{D906698B-FEA7-4DD8-A1EC-FB9CD21DE47D}.Debug|Any CPU.ActiveCfg = Debug|Any CPU
		{D906698B-FEA7-4DD8-A1EC-FB9CD21DE47D}.Debug|Any CPU.Build.0 = Debug|Any CPU
		{D906698B-FEA7-4DD8-A1EC-FB9CD21DE47D}.Release|Any CPU.ActiveCfg = Release|Any CPU
		{D906698B-FEA7-4DD8-A1EC-FB9CD21DE47D}.Release|Any CPU.Build.0 = Release|Any CPU
	EndGlobalSection
	GlobalSection(SolutionProperties) = preSolution
		HideSolutionNode = FALSE
	EndGlobalSection
EndGlobal
